
Microsoft Visual Studio Solution File, Format Version 12.00
# Visual Studio Version 16
VisualStudioVersion = 16.0.29503.13
MinimumVisualStudioVersion = 10.0.40219.1
Project("{9A19103F-16F7-4668-BE54-9A1E7A4F7556}") = "CareerCloud.Pocos", "CareerCloud.Pocos\CareerCloud.Pocos.csproj", "{AEB78950-1C07-461E-BB84-D0EA4AAF3094}"
EndProject
Project("{9A19103F-16F7-4668-BE54-9A1E7A4F7556}") = "CareerCloudCore.UnitTests.Assignment1", "CareerCloudCore.UnitTests.Assignment1\CareerCloudCore.UnitTests.Assignment1.csproj", "{F70501E1-F900-4B9B-A9A5-0F1A5131F30D}"
EndProject
Project("{9A19103F-16F7-4668-BE54-9A1E7A4F7556}") = "CareerCloud.DataAccessLayer", "CareerCloud.DataAccessLayer\CareerCloud.DataAccessLayer.csproj", "{2C470B10-9196-497B-85AC-7D0CA5D951B5}"
EndProject
Project("{9A19103F-16F7-4668-BE54-9A1E7A4F7556}") = "CareerCloud.ADODataAccessLayer", "CareerCloud.ADODataAccessLayer\CareerCloud.ADODataAccessLayer.csproj", "{CF095A79-2EED-4D0F-A3B0-D6EBD1736A9D}"
EndProject
Project("{9A19103F-16F7-4668-BE54-9A1E7A4F7556}") = "CareerCloudCore.UnitTests.Assignment2", "CareerCloudCore.UnitTests.Assignment2\CareerCloudCore.UnitTests.Assignment2.csproj", "{D5547CDF-A585-45AC-A7EF-29F1FEF878CF}"
EndProject
Project("{9A19103F-16F7-4668-BE54-9A1E7A4F7556}") = "CareerCloud.BusinessLogicLayer", "CareerCloud.BusinessLogicLayer\CareerCloud.BusinessLogicLayer.csproj", "{5D094D6A-3483-41E0-8079-205623AF0D99}"
EndProject
Project("{9A19103F-16F7-4668-BE54-9A1E7A4F7556}") = "CareerCloudCore.UnitTests.Assignment3", "CareerCloudCore.UnitTests.Assignment3-master\CareerCloudCore.UnitTests.Assignment3.csproj", "{0678A5C4-08AD-45F4-AEB2-419F48FFA7AD}"
EndProject
Project("{9A19103F-16F7-4668-BE54-9A1E7A4F7556}") = "CareerCloud.EntityFrameworkDataAccess", "CareerCloud.EntityFrameworkDataAccess\CareerCloud.EntityFrameworkDataAccess.csproj", "{688413DF-98CF-4A72-BF3A-CB60CED51794}"
EndProject
Project("{9A19103F-16F7-4668-BE54-9A1E7A4F7556}") = "CareerCloudCore.UnitTests.Assignment4", "CareerCloudCore.UnitTests.Assignment4-master\CareerCloudCore.UnitTests.Assignment4.csproj", "{08EDA117-8ADD-4392-B5FC-D66860EAB1C0}"
EndProject
Project("{9A19103F-16F7-4668-BE54-9A1E7A4F7556}") = "CareerCloud.WebAPI", "CareerCloud.WebAPI\CareerCloud.WebAPI.csproj", "{3A20552B-F971-4E0B-B861-935271C71194}"
EndProject
Project("{9A19103F-16F7-4668-BE54-9A1E7A4F7556}") = "CareerCloudCore.UnitTests.Assignment5", "CareerCloudCore.UnitTests.Assignment5-master\CareerCloudCore.UnitTests.Assignment5.csproj", "{16FF18A4-7061-4D30-AEDF-DCEEE834CB2B}"
EndProject
Global
	GlobalSection(SolutionConfigurationPlatforms) = preSolution
		Debug|Any CPU = Debug|Any CPU
		Release|Any CPU = Release|Any CPU
	EndGlobalSection
	GlobalSection(ProjectConfigurationPlatforms) = postSolution
		{AEB78950-1C07-461E-BB84-D0EA4AAF3094}.Debug|Any CPU.ActiveCfg = Debug|Any CPU
		{AEB78950-1C07-461E-BB84-D0EA4AAF3094}.Debug|Any CPU.Build.0 = Debug|Any CPU
		{AEB78950-1C07-461E-BB84-D0EA4AAF3094}.Release|Any CPU.ActiveCfg = Release|Any CPU
		{AEB78950-1C07-461E-BB84-D0EA4AAF3094}.Release|Any CPU.Build.0 = Release|Any CPU
		{F70501E1-F900-4B9B-A9A5-0F1A5131F30D}.Debug|Any CPU.ActiveCfg = Debug|Any CPU
		{F70501E1-F900-4B9B-A9A5-0F1A5131F30D}.Debug|Any CPU.Build.0 = Debug|Any CPU
		{F70501E1-F900-4B9B-A9A5-0F1A5131F30D}.Release|Any CPU.ActiveCfg = Release|Any CPU
		{F70501E1-F900-4B9B-A9A5-0F1A5131F30D}.Release|Any CPU.Build.0 = Release|Any CPU
		{2C470B10-9196-497B-85AC-7D0CA5D951B5}.Debug|Any CPU.ActiveCfg = Debug|Any CPU
		{2C470B10-9196-497B-85AC-7D0CA5D951B5}.Debug|Any CPU.Build.0 = Debug|Any CPU
		{2C470B10-9196-497B-85AC-7D0CA5D951B5}.Release|Any CPU.ActiveCfg = Release|Any CPU
		{2C470B10-9196-497B-85AC-7D0CA5D951B5}.Release|Any CPU.Build.0 = Release|Any CPU
		{CF095A79-2EED-4D0F-A3B0-D6EBD1736A9D}.Debug|Any CPU.ActiveCfg = Debug|Any CPU
		{CF095A79-2EED-4D0F-A3B0-D6EBD1736A9D}.Debug|Any CPU.Build.0 = Debug|Any CPU
		{CF095A79-2EED-4D0F-A3B0-D6EBD1736A9D}.Release|Any CPU.ActiveCfg = Release|Any CPU
		{CF095A79-2EED-4D0F-A3B0-D6EBD1736A9D}.Release|Any CPU.Build.0 = Release|Any CPU
		{D5547CDF-A585-45AC-A7EF-29F1FEF878CF}.Debug|Any CPU.ActiveCfg = Debug|Any CPU
		{D5547CDF-A585-45AC-A7EF-29F1FEF878CF}.Debug|Any CPU.Build.0 = Debug|Any CPU
		{D5547CDF-A585-45AC-A7EF-29F1FEF878CF}.Release|Any CPU.ActiveCfg = Release|Any CPU
		{D5547CDF-A585-45AC-A7EF-29F1FEF878CF}.Release|Any CPU.Build.0 = Release|Any CPU
		{5D094D6A-3483-41E0-8079-205623AF0D99}.Debug|Any CPU.ActiveCfg = Debug|Any CPU
		{5D094D6A-3483-41E0-8079-205623AF0D99}.Debug|Any CPU.Build.0 = Debug|Any CPU
		{5D094D6A-3483-41E0-8079-205623AF0D99}.Release|Any CPU.ActiveCfg = Release|Any CPU
		{5D094D6A-3483-41E0-8079-205623AF0D99}.Release|Any CPU.Build.0 = Release|Any CPU
		{0678A5C4-08AD-45F4-AEB2-419F48FFA7AD}.Debug|Any CPU.ActiveCfg = Debug|Any CPU
		{0678A5C4-08AD-45F4-AEB2-419F48FFA7AD}.Debug|Any CPU.Build.0 = Debug|Any CPU
		{0678A5C4-08AD-45F4-AEB2-419F48FFA7AD}.Release|Any CPU.ActiveCfg = Release|Any CPU
		{0678A5C4-08AD-45F4-AEB2-419F48FFA7AD}.Release|Any CPU.Build.0 = Release|Any CPU
		{688413DF-98CF-4A72-BF3A-CB60CED51794}.Debug|Any CPU.ActiveCfg = Debug|Any CPU
		{688413DF-98CF-4A72-BF3A-CB60CED51794}.Debug|Any CPU.Build.0 = Debug|Any CPU
		{688413DF-98CF-4A72-BF3A-CB60CED51794}.Release|Any CPU.ActiveCfg = Release|Any CPU
		{688413DF-98CF-4A72-BF3A-CB60CED51794}.Release|Any CPU.Build.0 = Release|Any CPU
		{08EDA117-8ADD-4392-B5FC-D66860EAB1C0}.Debug|Any CPU.ActiveCfg = Debug|Any CPU
		{08EDA117-8ADD-4392-B5FC-D66860EAB1C0}.Debug|Any CPU.Build.0 = Debug|Any CPU
		{08EDA117-8ADD-4392-B5FC-D66860EAB1C0}.Release|Any CPU.ActiveCfg = Release|Any CPU
		{08EDA117-8ADD-4392-B5FC-D66860EAB1C0}.Release|Any CPU.Build.0 = Release|Any CPU
		{3A20552B-F971-4E0B-B861-935271C71194}.Debug|Any CPU.ActiveCfg = Debug|Any CPU
		{3A20552B-F971-4E0B-B861-935271C71194}.Debug|Any CPU.Build.0 = Debug|Any CPU
		{3A20552B-F971-4E0B-B861-935271C71194}.Release|Any CPU.ActiveCfg = Release|Any CPU
		{3A20552B-F971-4E0B-B861-935271C71194}.Release|Any CPU.Build.0 = Release|Any CPU
		{16FF18A4-7061-4D30-AEDF-DCEEE834CB2B}.Debug|Any CPU.ActiveCfg = Debug|Any CPU
		{16FF18A4-7061-4D30-AEDF-DCEEE834CB2B}.Debug|Any CPU.Build.0 = Debug|Any CPU
		{16FF18A4-7061-4D30-AEDF-DCEEE834CB2B}.Release|Any CPU.ActiveCfg = Release|Any CPU
		{16FF18A4-7061-4D30-AEDF-DCEEE834CB2B}.Release|Any CPU.Build.0 = Release|Any CPU
	EndGlobalSection
	GlobalSection(SolutionProperties) = preSolution
		HideSolutionNode = FALSE
	EndGlobalSection
	GlobalSection(ExtensibilityGlobals) = postSolution
		SolutionGuid = {ACD92CE9-C831-4300-A1AC-53598AD64C70}
	EndGlobalSection
EndGlobal
